# This file is autogenerated, do not edit; changes may be undone by the next 'dep ensure'.


[[projects]]
  name = "github.com/natefinch/lumberjack"
  packages = ["."]
  revision = "a96e63847dc3c67d17befa69c303767e2f84e54f"
  version = "v2.1"

[solve-meta]
  analyzer-name = "dep"
  analyzer-version = 1
  inputs-digest = "58e2b9f5d1dacd2dd5d8431881304e9859859e2ef0ca031a63aae45892ef1205"
  solver-name = "gps-cdcl"
  solver-version = 1
